// !$*UTF8*$!
{
	archiveVersion = 1;
	classes = {
	};
	objectVersion = 46;
	objects = {

/* Begin PBXBuildFile section */
		010BA9EF1E276DB3009E0ACE /* main.m in Sources */ = {isa = PBXBuildFile; fileRef = 010BA9EE1E276DB3009E0ACE /* main.m */; };
		010BA9F21E276DB3009E0ACE /* AppDelegate.m in Sources */ = {isa = PBXBuildFile; fileRef = 010BA9F11E276DB3009E0ACE /* AppDelegate.m */; };
		010BA9F81E276DB3009E0ACE /* Main.storyboard in Resources */ = {isa = PBXBuildFile; fileRef = 010BA9F61E276DB3009E0ACE /* Main.storyboard */; };
		010BA9FA1E276DB3009E0ACE /* Assets.xcassets in Resources */ = {isa = PBXBuildFile; fileRef = 010BA9F91E276DB3009E0ACE /* Assets.xcassets */; };
		010BA9FD1E276DB3009E0ACE /* LaunchScreen.storyboard in Resources */ = {isa = PBXBuildFile; fileRef = 010BA9FB1E276DB3009E0ACE /* LaunchScreen.storyboard */; };
		010BAA081E276DB3009E0ACE /* I_m_a_CoderTests.m in Sources */ = {isa = PBXBuildFile; fileRef = 010BAA071E276DB3009E0ACE /* I_m_a_CoderTests.m */; };
		010BAA131E276DB3009E0ACE /* I_m_a_CoderUITests.m in Sources */ = {isa = PBXBuildFile; fileRef = 010BAA121E276DB3009E0ACE /* I_m_a_CoderUITests.m */; };
		010BAA221E276DDF009E0ACE /* RootTabBarViewController.m in Sources */ = {isa = PBXBuildFile; fileRef = 010BAA211E276DDF009E0ACE /* RootTabBarViewController.m */; };
		010BAA481E276DE6009E0ACE /* Root_A_VC.m in Sources */ = {isa = PBXBuildFile; fileRef = 010BAA271E276DE6009E0ACE /* Root_A_VC.m */; };
		010BAA491E276DE6009E0ACE /* Root_B_VC.m in Sources */ = {isa = PBXBuildFile; fileRef = 010BAA2D1E276DE6009E0ACE /* Root_B_VC.m */; };
		010BAA4A1E276DE6009E0ACE /* Root_C_VC.m in Sources */ = {isa = PBXBuildFile; fileRef = 010BAA331E276DE6009E0ACE /* Root_C_VC.m */; };
		010BAA4B1E276DE6009E0ACE /* Root_D_VC.m in Sources */ = {isa = PBXBuildFile; fileRef = 010BAA391E276DE6009E0ACE /* Root_D_VC.m */; };
		010BAA4C1E276DE6009E0ACE /* Root_E_VC.m in Sources */ = {isa = PBXBuildFile; fileRef = 010BAA3F1E276DE6009E0ACE /* Root_E_VC.m */; };
		010BAA4D1E276DE6009E0ACE /* SubLayerViewController.m in Sources */ = {isa = PBXBuildFile; fileRef = 010BAA451E276DE6009E0ACE /* SubLayerViewController.m */; };
		010BAA551E276DED009E0ACE /* BaseNavigationVC.m in Sources */ = {isa = PBXBuildFile; fileRef = 010BAA511E276DED009E0ACE /* BaseNavigationVC.m */; };
		010BAA561E276DED009E0ACE /* BaseViewController.m in Sources */ = {isa = PBXBuildFile; fileRef = 010BAA531E276DED009E0ACE /* BaseViewController.m */; };
		010BAA661E27805F009E0ACE /* Sub_A_ViewController.m in Sources */ = {isa = PBXBuildFile; fileRef = 010BAA651E27805F009E0ACE /* Sub_A_ViewController.m */; };
/* End PBXBuildFile section */

/* Begin PBXContainerItemProxy section */
		010BAA041E276DB3009E0ACE /* PBXContainerItemProxy */ = {
			isa = PBXContainerItemProxy;
			containerPortal = 010BA9E21E276DB3009E0ACE /* Project object */;
			proxyType = 1;
			remoteGlobalIDString = 010BA9E91E276DB3009E0ACE;
			remoteInfo = "I'm a Coder";
		};
		010BAA0F1E276DB3009E0ACE /* PBXContainerItemProxy */ = {
			isa = PBXContainerItemProxy;
			containerPortal = 010BA9E21E276DB3009E0ACE /* Project object */;
			proxyType = 1;
			remoteGlobalIDString = 010BA9E91E276DB3009E0ACE;
			remoteInfo = "I'm a Coder";
		};
/* End PBXContainerItemProxy section */

/* Begin PBXFileReference section */
		010BA9EA1E276DB3009E0ACE /* I'm a Coder.app */ = {isa = PBXFileReference; explicitFileType = wrapper.application; includeInIndex = 0; path = "I'm a Coder.app"; sourceTree = BUILT_PRODUCTS_DIR; };
		010BA9EE1E276DB3009E0ACE /* main.m */ = {isa = PBXFileReference; lastKnownFileType = sourcecode.c.objc; path = main.m; sourceTree = "<group>"; };
		010BA9F01E276DB3009E0ACE /* AppDelegate.h */ = {isa = PBXFileReference; lastKnownFileType = sourcecode.c.h; path = AppDelegate.h; sourceTree = "<group>"; };
		010BA9F11E276DB3009E0ACE /* AppDelegate.m */ = {isa = PBXFileReference; lastKnownFileType = sourcecode.c.objc; path = AppDelegate.m; sourceTree = "<group>"; };
		010BA9F71E276DB3009E0ACE /* Base */ = {isa = PBXFileReference; lastKnownFileType = file.storyboard; name = Base; path = Base.lproj/Main.storyboard; sourceTree = "<group>"; };
		010BA9F91E276DB3009E0ACE /* Assets.xcassets */ = {isa = PBXFileReference; lastKnownFileType = folder.assetcatalog; path = Assets.xcassets; sourceTree = "<group>"; };
		010BA9FC1E276DB3009E0ACE /* Base */ = {isa = PBXFileReference; lastKnownFileType = file.storyboard; name = Base; path = Base.lproj/LaunchScreen.storyboard; sourceTree = "<group>"; };
		010BA9FE1E276DB3009E0ACE /* Info.plist */ = {isa = PBXFileReference; lastKnownFileType = text.plist.xml; path = Info.plist; sourceTree = "<group>"; };
		010BAA031E276DB3009E0ACE /* I'm a CoderTests.xctest */ = {isa = PBXFileReference; explicitFileType = wrapper.cfbundle; includeInIndex = 0; path = "I'm a CoderTests.xctest"; sourceTree = BUILT_PRODUCTS_DIR; };
		010BAA071E276DB3009E0ACE /* I_m_a_CoderTests.m */ = {isa = PBXFileReference; lastKnownFileType = sourcecode.c.objc; path = I_m_a_CoderTests.m; sourceTree = "<group>"; };
		010BAA091E276DB3009E0ACE /* Info.plist */ = {isa = PBXFileReference; lastKnownFileType = text.plist.xml; path = Info.plist; sourceTree = "<group>"; };
		010BAA0E1E276DB3009E0ACE /* I'm a CoderUITests.xctest */ = {isa = PBXFileReference; explicitFileType = wrapper.cfbundle; includeInIndex = 0; path = "I'm a CoderUITests.xctest"; sourceTree = BUILT_PRODUCTS_DIR; };
		010BAA121E276DB3009E0ACE /* I_m_a_CoderUITests.m */ = {isa = PBXFileReference; lastKnownFileType = sourcecode.c.objc; path = I_m_a_CoderUITests.m; sourceTree = "<group>"; };
		010BAA141E276DB3009E0ACE /* Info.plist */ = {isa = PBXFileReference; lastKnownFileType = text.plist.xml; path = Info.plist; sourceTree = "<group>"; };
		010BAA201E276DDF009E0ACE /* RootTabBarViewController.h */ = {isa = PBXFileReference; fileEncoding = 4; lastKnownFileType = sourcecode.c.h; path = RootTabBarViewController.h; sourceTree = "<group>"; };
		010BAA211E276DDF009E0ACE /* RootTabBarViewController.m */ = {isa = PBXFileReference; fileEncoding = 4; lastKnownFileType = sourcecode.c.objc; path = RootTabBarViewController.m; sourceTree = "<group>"; };
		010BAA261E276DE6009E0ACE /* Root_A_VC.h */ = {isa = PBXFileReference; fileEncoding = 4; lastKnownFileType = sourcecode.c.h; path = Root_A_VC.h; sourceTree = "<group>"; };
		010BAA271E276DE6009E0ACE /* Root_A_VC.m */ = {isa = PBXFileReference; fileEncoding = 4; lastKnownFileType = sourcecode.c.objc; path = Root_A_VC.m; sourceTree = "<group>"; };
		010BAA2C1E276DE6009E0ACE /* Root_B_VC.h */ = {isa = PBXFileReference; fileEncoding = 4; lastKnownFileType = sourcecode.c.h; path = Root_B_VC.h; sourceTree = "<group>"; };
		010BAA2D1E276DE6009E0ACE /* Root_B_VC.m */ = {isa = PBXFileReference; fileEncoding = 4; lastKnownFileType = sourcecode.c.objc; path = Root_B_VC.m; sourceTree = "<group>"; };
		010BAA321E276DE6009E0ACE /* Root_C_VC.h */ = {isa = PBXFileReference; fileEncoding = 4; lastKnownFileType = sourcecode.c.h; path = Root_C_VC.h; sourceTree = "<group>"; };
		010BAA331E276DE6009E0ACE /* Root_C_VC.m */ = {isa = PBXFileReference; fileEncoding = 4; lastKnownFileType = sourcecode.c.objc; path = Root_C_VC.m; sourceTree = "<group>"; };
		010BAA381E276DE6009E0ACE /* Root_D_VC.h */ = {isa = PBXFileReference; fileEncoding = 4; lastKnownFileType = sourcecode.c.h; path = Root_D_VC.h; sourceTree = "<group>"; };
		010BAA391E276DE6009E0ACE /* Root_D_VC.m */ = {isa = PBXFileReference; fileEncoding = 4; lastKnownFileType = sourcecode.c.objc; path = Root_D_VC.m; sourceTree = "<group>"; };
		010BAA3E1E276DE6009E0ACE /* Root_E_VC.h */ = {isa = PBXFileReference; fileEncoding = 4; lastKnownFileType = sourcecode.c.h; path = Root_E_VC.h; sourceTree = "<group>"; };
		010BAA3F1E276DE6009E0ACE /* Root_E_VC.m */ = {isa = PBXFileReference; fileEncoding = 4; lastKnownFileType = sourcecode.c.objc; path = Root_E_VC.m; sourceTree = "<group>"; };
		010BAA441E276DE6009E0ACE /* SubLayerViewController.h */ = {isa = PBXFileReference; fileEncoding = 4; lastKnownFileType = sourcecode.c.h; path = SubLayerViewController.h; sourceTree = "<group>"; };
		010BAA451E276DE6009E0ACE /* SubLayerViewController.m */ = {isa = PBXFileReference; fileEncoding = 4; lastKnownFileType = sourcecode.c.objc; path = SubLayerViewController.m; sourceTree = "<group>"; };
		010BAA501E276DED009E0ACE /* BaseNavigationVC.h */ = {isa = PBXFileReference; fileEncoding = 4; lastKnownFileType = sourcecode.c.h; path = BaseNavigationVC.h; sourceTree = "<group>"; };
		010BAA511E276DED009E0ACE /* BaseNavigationVC.m */ = {isa = PBXFileReference; fileEncoding = 4; lastKnownFileType = sourcecode.c.objc; path = BaseNavigationVC.m; sourceTree = "<group>"; };
		010BAA521E276DED009E0ACE /* BaseViewController.h */ = {isa = PBXFileReference; fileEncoding = 4; lastKnownFileType = sourcecode.c.h; path = BaseViewController.h; sourceTree = "<group>"; };
		010BAA531E276DED009E0ACE /* BaseViewController.m */ = {isa = PBXFileReference; fileEncoding = 4; lastKnownFileType = sourcecode.c.objc; path = BaseViewController.m; sourceTree = "<group>"; };
		010BAA641E27805F009E0ACE /* Sub_A_ViewController.h */ = {isa = PBXFileReference; fileEncoding = 4; lastKnownFileType = sourcecode.c.h; path = Sub_A_ViewController.h; sourceTree = "<group>"; };
		010BAA651E27805F009E0ACE /* Sub_A_ViewController.m */ = {isa = PBXFileReference; fileEncoding = 4; lastKnownFileType = sourcecode.c.objc; path = Sub_A_ViewController.m; sourceTree = "<group>"; };
/* End PBXFileReference section */

/* Begin PBXFrameworksBuildPhase section */
		010BA9E71E276DB3009E0ACE /* Frameworks */ = {
			isa = PBXFrameworksBuildPhase;
			buildActionMask = 2147483647;
			files = (
			);
			runOnlyForDeploymentPostprocessing = 0;
		};
		010BAA001E276DB3009E0ACE /* Frameworks */ = {
			isa = PBXFrameworksBuildPhase;
			buildActionMask = 2147483647;
			files = (
			);
			runOnlyForDeploymentPostprocessing = 0;
		};
		010BAA0B1E276DB3009E0ACE /* Frameworks */ = {
			isa = PBXFrameworksBuildPhase;
			buildActionMask = 2147483647;
			files = (
			);
			runOnlyForDeploymentPostprocessing = 0;
		};
/* End PBXFrameworksBuildPhase section */

/* Begin PBXGroup section */
		010BA9E11E276DB3009E0ACE = {
			isa = PBXGroup;
			children = (
				010BA9EC1E276DB3009E0ACE /* I'm a Coder */,
				010BAA061E276DB3009E0ACE /* I'm a CoderTests */,
				010BAA111E276DB3009E0ACE /* I'm a CoderUITests */,
				010BA9EB1E276DB3009E0ACE /* Products */,
			);
			sourceTree = "<group>";
		};
		010BA9EB1E276DB3009E0ACE /* Products */ = {
			isa = PBXGroup;
			children = (
				010BA9EA1E276DB3009E0ACE /* I'm a Coder.app */,
				010BAA031E276DB3009E0ACE /* I'm a CoderTests.xctest */,
				010BAA0E1E276DB3009E0ACE /* I'm a CoderUITests.xctest */,
			);
			name = Products;
			sourceTree = "<group>";
		};
		010BA9EC1E276DB3009E0ACE /* I'm a Coder */ = {
			isa = PBXGroup;
			children = (
				010BA9F01E276DB3009E0ACE /* AppDelegate.h */,
				010BA9F11E276DB3009E0ACE /* AppDelegate.m */,
				010BAA201E276DDF009E0ACE /* RootTabBarViewController.h */,
				010BAA211E276DDF009E0ACE /* RootTabBarViewController.m */,
				010BAA571E277FF6009E0ACE /* SubVC */,
				010BAA4E1E276DED009E0ACE /* Base */,
				010BAA231E276DE6009E0ACE /* Main */,
				010BA9F61E276DB3009E0ACE /* Main.storyboard */,
				010BA9F91E276DB3009E0ACE /* Assets.xcassets */,
				010BA9FB1E276DB3009E0ACE /* LaunchScreen.storyboard */,
				010BA9FE1E276DB3009E0ACE /* Info.plist */,
				010BA9ED1E276DB3009E0ACE /* Supporting Files */,
			);
			path = "I'm a Coder";
			sourceTree = "<group>";
		};
		010BA9ED1E276DB3009E0ACE /* Supporting Files */ = {
			isa = PBXGroup;
			children = (
				010BA9EE1E276DB3009E0ACE /* main.m */,
			);
			name = "Supporting Files";
			sourceTree = "<group>";
		};
		010BAA061E276DB3009E0ACE /* I'm a CoderTests */ = {
			isa = PBXGroup;
			children = (
				010BAA071E276DB3009E0ACE /* I_m_a_CoderTests.m */,
				010BAA091E276DB3009E0ACE /* Info.plist */,
			);
			path = "I'm a CoderTests";
			sourceTree = "<group>";
		};
		010BAA111E276DB3009E0ACE /* I'm a CoderUITests */ = {
			isa = PBXGroup;
			children = (
				010BAA121E276DB3009E0ACE /* I_m_a_CoderUITests.m */,
				010BAA141E276DB3009E0ACE /* Info.plist */,
			);
			path = "I'm a CoderUITests";
			sourceTree = "<group>";
		};
		010BAA231E276DE6009E0ACE /* Main */ = {
			isa = PBXGroup;
			children = (
				010BAA241E276DE6009E0ACE /* Root_A */,
				010BAA2A1E276DE6009E0ACE /* Root_B */,
				010BAA301E276DE6009E0ACE /* Root_C */,
				010BAA361E276DE6009E0ACE /* Root_D */,
				010BAA3C1E276DE6009E0ACE /* Root_E */,
				010BAA421E276DE6009E0ACE /* SubLayer */,
			);
			path = Main;
			sourceTree = "<group>";
		};
		010BAA241E276DE6009E0ACE /* Root_A */ = {
			isa = PBXGroup;
			children = (
				010BAA251E276DE6009E0ACE /* Controller */,
				010BAA281E276DE6009E0ACE /* Model */,
				010BAA291E276DE6009E0ACE /* View */,
			);
			path = Root_A;
			sourceTree = "<group>";
		};
		010BAA251E276DE6009E0ACE /* Controller */ = {
			isa = PBXGroup;
			children = (
				010BAA261E276DE6009E0ACE /* Root_A_VC.h */,
				010BAA271E276DE6009E0ACE /* Root_A_VC.m */,
			);
			path = Controller;
			sourceTree = "<group>";
		};
		010BAA281E276DE6009E0ACE /* Model */ = {
			isa = PBXGroup;
			children = (
			);
			path = Model;
			sourceTree = "<group>";
		};
		010BAA291E276DE6009E0ACE /* View */ = {
			isa = PBXGroup;
			children = (
			);
			path = View;
			sourceTree = "<group>";
		};
		010BAA2A1E276DE6009E0ACE /* Root_B */ = {
			isa = PBXGroup;
			children = (
				010BAA2B1E276DE6009E0ACE /* Controller */,
				010BAA2E1E276DE6009E0ACE /* Model */,
				010BAA2F1E276DE6009E0ACE /* View */,
			);
			path = Root_B;
			sourceTree = "<group>";
		};
		010BAA2B1E276DE6009E0ACE /* Controller */ = {
			isa = PBXGroup;
			children = (
				010BAA2C1E276DE6009E0ACE /* Root_B_VC.h */,
				010BAA2D1E276DE6009E0ACE /* Root_B_VC.m */,
			);
			path = Controller;
			sourceTree = "<group>";
		};
		010BAA2E1E276DE6009E0ACE /* Model */ = {
			isa = PBXGroup;
			children = (
			);
			path = Model;
			sourceTree = "<group>";
		};
		010BAA2F1E276DE6009E0ACE /* View */ = {
			isa = PBXGroup;
			children = (
			);
			path = View;
			sourceTree = "<group>";
		};
		010BAA301E276DE6009E0ACE /* Root_C */ = {
			isa = PBXGroup;
			children = (
				010BAA311E276DE6009E0ACE /* Controller */,
				010BAA341E276DE6009E0ACE /* Model */,
				010BAA351E276DE6009E0ACE /* View */,
			);
			path = Root_C;
			sourceTree = "<group>";
		};
		010BAA311E276DE6009E0ACE /* Controller */ = {
			isa = PBXGroup;
			children = (
				010BAA321E276DE6009E0ACE /* Root_C_VC.h */,
				010BAA331E276DE6009E0ACE /* Root_C_VC.m */,
			);
			path = Controller;
			sourceTree = "<group>";
		};
		010BAA341E276DE6009E0ACE /* Model */ = {
			isa = PBXGroup;
			children = (
			);
			path = Model;
			sourceTree = "<group>";
		};
		010BAA351E276DE6009E0ACE /* View */ = {
			isa = PBXGroup;
			children = (
			);
			path = View;
			sourceTree = "<group>";
		};
		010BAA361E276DE6009E0ACE /* Root_D */ = {
			isa = PBXGroup;
			children = (
				010BAA371E276DE6009E0ACE /* Controller */,
				010BAA3A1E276DE6009E0ACE /* Model */,
				010BAA3B1E276DE6009E0ACE /* View */,
			);
			path = Root_D;
			sourceTree = "<group>";
		};
		010BAA371E276DE6009E0ACE /* Controller */ = {
			isa = PBXGroup;
			children = (
				010BAA381E276DE6009E0ACE /* Root_D_VC.h */,
				010BAA391E276DE6009E0ACE /* Root_D_VC.m */,
			);
			path = Controller;
			sourceTree = "<group>";
		};
		010BAA3A1E276DE6009E0ACE /* Model */ = {
			isa = PBXGroup;
			children = (
			);
			path = Model;
			sourceTree = "<group>";
		};
		010BAA3B1E276DE6009E0ACE /* View */ = {
			isa = PBXGroup;
			children = (
			);
			path = View;
			sourceTree = "<group>";
		};
		010BAA3C1E276DE6009E0ACE /* Root_E */ = {
			isa = PBXGroup;
			children = (
				010BAA3D1E276DE6009E0ACE /* Controller */,
				010BAA401E276DE6009E0ACE /* Model */,
				010BAA411E276DE6009E0ACE /* View */,
			);
			path = Root_E;
			sourceTree = "<group>";
		};
		010BAA3D1E276DE6009E0ACE /* Controller */ = {
			isa = PBXGroup;
			children = (
				010BAA3E1E276DE6009E0ACE /* Root_E_VC.h */,
				010BAA3F1E276DE6009E0ACE /* Root_E_VC.m */,
			);
			path = Controller;
			sourceTree = "<group>";
		};
		010BAA401E276DE6009E0ACE /* Model */ = {
			isa = PBXGroup;
			children = (
			);
			path = Model;
			sourceTree = "<group>";
		};
		010BAA411E276DE6009E0ACE /* View */ = {
			isa = PBXGroup;
			children = (
			);
			path = View;
			sourceTree = "<group>";
		};
		010BAA421E276DE6009E0ACE /* SubLayer */ = {
			isa = PBXGroup;
			children = (
				010BAA431E276DE6009E0ACE /* Controller */,
				010BAA461E276DE6009E0ACE /* Model */,
				010BAA471E276DE6009E0ACE /* View */,
			);
			path = SubLayer;
			sourceTree = "<group>";
		};
		010BAA431E276DE6009E0ACE /* Controller */ = {
			isa = PBXGroup;
			children = (
				010BAA441E276DE6009E0ACE /* SubLayerViewController.h */,
				010BAA451E276DE6009E0ACE /* SubLayerViewController.m */,
			);
			path = Controller;
			sourceTree = "<group>";
		};
		010BAA461E276DE6009E0ACE /* Model */ = {
			isa = PBXGroup;
			children = (
			);
			path = Model;
			sourceTree = "<group>";
		};
		010BAA471E276DE6009E0ACE /* View */ = {
			isa = PBXGroup;
			children = (
			);
			path = View;
			sourceTree = "<group>";
		};
		010BAA4E1E276DED009E0ACE /* Base */ = {
			isa = PBXGroup;
			children = (
				010BAA4F1E276DED009E0ACE /* BaseController */,
				010BAA541E276DED009E0ACE /* BaseModel */,
			);
			path = Base;
			sourceTree = "<group>";
		};
		010BAA4F1E276DED009E0ACE /* BaseController */ = {
			isa = PBXGroup;
			children = (
				010BAA501E276DED009E0ACE /* BaseNavigationVC.h */,
				010BAA511E276DED009E0ACE /* BaseNavigationVC.m */,
				010BAA521E276DED009E0ACE /* BaseViewController.h */,
				010BAA531E276DED009E0ACE /* BaseViewController.m */,
			);
			path = BaseController;
			sourceTree = "<group>";
		};
		010BAA541E276DED009E0ACE /* BaseModel */ = {
			isa = PBXGroup;
			children = (
			);
			path = BaseModel;
			sourceTree = "<group>";
		};
		010BAA571E277FF6009E0ACE /* SubVC */ = {
			isa = PBXGroup;
			children = (
				010BAA5A1E278023009E0ACE /* Sub_C */,
				010BAA591E278018009E0ACE /* Sub_B */,
				010BAA581E27800D009E0ACE /* Sub_A */,
			);
			path = SubVC;
			sourceTree = "<group>";
		};
		010BAA581E27800D009E0ACE /* Sub_A */ = {
			isa = PBXGroup;
			children = (
				010BAA611E278045009E0ACE /* Controller */,
				010BAA621E278045009E0ACE /* Model */,
				010BAA631E278045009E0ACE /* View */,
			);
			path = Sub_A;
			sourceTree = "<group>";
		};
		010BAA591E278018009E0ACE /* Sub_B */ = {
			isa = PBXGroup;
			children = (
				010BAA5E1E27803F009E0ACE /* Controller */,
				010BAA5F1E27803F009E0ACE /* Model */,
				010BAA601E27803F009E0ACE /* View */,
			);
			path = Sub_B;
			sourceTree = "<group>";
		};
		010BAA5A1E278023009E0ACE /* Sub_C */ = {
			isa = PBXGroup;
			children = (
				010BAA5B1E27803A009E0ACE /* Controller */,
				010BAA5C1E27803A009E0ACE /* Model */,
				010BAA5D1E27803A009E0ACE /* View */,
			);
			path = Sub_C;
			sourceTree = "<group>";
		};
		010BAA5B1E27803A009E0ACE /* Controller */ = {
			isa = PBXGroup;
			children = (
			);
			path = Controller;
			sourceTree = "<group>";
		};
		010BAA5C1E27803A009E0ACE /* Model */ = {
			isa = PBXGroup;
			children = (
			);
			path = Model;
			sourceTree = "<group>";
		};
		010BAA5D1E27803A009E0ACE /* View */ = {
			isa = PBXGroup;
			children = (
			);
			path = View;
			sourceTree = "<group>";
		};
		010BAA5E1E27803F009E0ACE /* Controller */ = {
			isa = PBXGroup;
			children = (
			);
			path = Controller;
			sourceTree = "<group>";
		};
		010BAA5F1E27803F009E0ACE /* Model */ = {
			isa = PBXGroup;
			children = (
			);
			path = Model;
			sourceTree = "<group>";
		};
		010BAA601E27803F009E0ACE /* View */ = {
			isa = PBXGroup;
			children = (
			);
			path = View;
			sourceTree = "<group>";
		};
		010BAA611E278045009E0ACE /* Controller */ = {
			isa = PBXGroup;
			children = (
				010BAA641E27805F009E0ACE /* Sub_A_ViewController.h */,
				010BAA651E27805F009E0ACE /* Sub_A_ViewController.m */,
			);
			path = Controller;
			sourceTree = "<group>";
		};
		010BAA621E278045009E0ACE /* Model */ = {
			isa = PBXGroup;
			children = (
			);
			path = Model;
			sourceTree = "<group>";
		};
		010BAA631E278045009E0ACE /* View */ = {
			isa = PBXGroup;
			children = (
			);
			path = View;
			sourceTree = "<group>";
		};
/* End PBXGroup section */

/* Begin PBXNativeTarget section */
		010BA9E91E276DB3009E0ACE /* I'm a Coder */ = {
			isa = PBXNativeTarget;
			buildConfigurationList = 010BAA171E276DB3009E0ACE /* Build configuration list for PBXNativeTarget "I'm a Coder" */;
			buildPhases = (
				010BA9E61E276DB3009E0ACE /* Sources */,
				010BA9E71E276DB3009E0ACE /* Frameworks */,
				010BA9E81E276DB3009E0ACE /* Resources */,
			);
			buildRules = (
			);
			dependencies = (
			);
			name = "I'm a Coder";
			productName = "I'm a Coder";
			productReference = 010BA9EA1E276DB3009E0ACE /* I'm a Coder.app */;
			productType = "com.apple.product-type.application";
		};
		010BAA021E276DB3009E0ACE /* I'm a CoderTests */ = {
			isa = PBXNativeTarget;
			buildConfigurationList = 010BAA1A1E276DB3009E0ACE /* Build configuration list for PBXNativeTarget "I'm a CoderTests" */;
			buildPhases = (
				010BA9FF1E276DB3009E0ACE /* Sources */,
				010BAA001E276DB3009E0ACE /* Frameworks */,
				010BAA011E276DB3009E0ACE /* Resources */,
			);
			buildRules = (
			);
			dependencies = (
				010BAA051E276DB3009E0ACE /* PBXTargetDependency */,
			);
			name = "I'm a CoderTests";
			productName = "I'm a CoderTests";
			productReference = 010BAA031E276DB3009E0ACE /* I'm a CoderTests.xctest */;
			productType = "com.apple.product-type.bundle.unit-test";
		};
		010BAA0D1E276DB3009E0ACE /* I'm a CoderUITests */ = {
			isa = PBXNativeTarget;
			buildConfigurationList = 010BAA1D1E276DB3009E0ACE /* Build configuration list for PBXNativeTarget "I'm a CoderUITests" */;
			buildPhases = (
				010BAA0A1E276DB3009E0ACE /* Sources */,
				010BAA0B1E276DB3009E0ACE /* Frameworks */,
				010BAA0C1E276DB3009E0ACE /* Resources */,
			);
			buildRules = (
			);
			dependencies = (
				010BAA101E276DB3009E0ACE /* PBXTargetDependency */,
			);
			name = "I'm a CoderUITests";
			productName = "I'm a CoderUITests";
			productReference = 010BAA0E1E276DB3009E0ACE /* I'm a CoderUITests.xctest */;
			productType = "com.apple.product-type.bundle.ui-testing";
		};
/* End PBXNativeTarget section */

/* Begin PBXProject section */
		010BA9E21E276DB3009E0ACE /* Project object */ = {
			isa = PBXProject;
			attributes = {
				LastUpgradeCheck = 0820;
				ORGANIZATIONNAME = xiaruzhen;
				TargetAttributes = {
					010BA9E91E276DB3009E0ACE = {
						CreatedOnToolsVersion = 8.2.1;
						DevelopmentTeam = 599FJK8FBV;
						ProvisioningStyle = Automatic;
					};
					010BAA021E276DB3009E0ACE = {
						CreatedOnToolsVersion = 8.2.1;
						DevelopmentTeam = 599FJK8FBV;
						ProvisioningStyle = Automatic;
						TestTargetID = 010BA9E91E276DB3009E0ACE;
					};
					010BAA0D1E276DB3009E0ACE = {
						CreatedOnToolsVersion = 8.2.1;
						DevelopmentTeam = 599FJK8FBV;
						ProvisioningStyle = Automatic;
						TestTargetID = 010BA9E91E276DB3009E0ACE;
					};
				};
			};
			buildConfigurationList = 010BA9E51E276DB3009E0ACE /* Build configuration list for PBXProject "I'm a Coder" */;
			compatibilityVersion = "Xcode 3.2";
			developmentRegion = English;
			hasScannedForEncodings = 0;
			knownRegions = (
				en,
				Base,
			);
			mainGroup = 010BA9E11E276DB3009E0ACE;
			productRefGroup = 010BA9EB1E276DB3009E0ACE /* Products */;
			projectDirPath = "";
			projectRoot = "";
			targets = (
				010BA9E91E276DB3009E0ACE /* I'm a Coder */,
				010BAA021E276DB3009E0ACE /* I'm a CoderTests */,
				010BAA0D1E276DB3009E0ACE /* I'm a CoderUITests */,
			);
		};
/* End PBXProject section */

/* Begin PBXResourcesBuildPhase section */
		010BA9E81E276DB3009E0ACE /* Resources */ = {
			isa = PBXResourcesBuildPhase;
			buildActionMask = 2147483647;
			files = (
				010BA9FD1E276DB3009E0ACE /* LaunchScreen.storyboard in Resources */,
				010BA9FA1E276DB3009E0ACE /* Assets.xcassets in Resources */,
				010BA9F81E276DB3009E0ACE /* Main.storyboard in Resources */,
			);
			runOnlyForDeploymentPostprocessing = 0;
		};
		010BAA011E276DB3009E0ACE /* Resources */ = {
			isa = PBXResourcesBuildPhase;
			buildActionMask = 2147483647;
			files = (
			);
			runOnlyForDeploymentPostprocessing = 0;
		};
		010BAA0C1E276DB3009E0ACE /* Resources */ = {
			isa = PBXResourcesBuildPhase;
			buildActionMask = 2147483647;
			files = (
			);
			runOnlyForDeploymentPostprocessing = 0;
		};
/* End PBXResourcesBuildPhase section */

/* Begin PBXSourcesBuildPhase section */
		010BA9E61E276DB3009E0ACE /* Sources */ = {
			isa = PBXSourcesBuildPhase;
			buildActionMask = 2147483647;
			files = (
				010BA9F21E276DB3009E0ACE /* AppDelegate.m in Sources */,
				010BA9EF1E276DB3009E0ACE /* main.m in Sources */,
				010BAA561E276DED009E0ACE /* BaseViewController.m in Sources */,
				010BAA4A1E276DE6009E0ACE /* Root_C_VC.m in Sources */,
				010BAA4B1E276DE6009E0ACE /* Root_D_VC.m in Sources */,
				010BAA481E276DE6009E0ACE /* Root_A_VC.m in Sources */,
				010BAA221E276DDF009E0ACE /* RootTabBarViewController.m in Sources */,
				010BAA4C1E276DE6009E0ACE /* Root_E_VC.m in Sources */,
				010BAA491E276DE6009E0ACE /* Root_B_VC.m in Sources */,
				010BAA661E27805F009E0ACE /* Sub_A_ViewController.m in Sources */,
				010BAA4D1E276DE6009E0ACE /* SubLayerViewController.m in Sources */,
				010BAA551E276DED009E0ACE /* BaseNavigationVC.m in Sources */,
			);
			runOnlyForDeploymentPostprocessing = 0;
		};
		010BA9FF1E276DB3009E0ACE /* Sources */ = {
			isa = PBXSourcesBuildPhase;
			buildActionMask = 2147483647;
			files = (
				010BAA081E276DB3009E0ACE /* I_m_a_CoderTests.m in Sources */,
			);
			runOnlyForDeploymentPostprocessing = 0;
		};
		010BAA0A1E276DB3009E0ACE /* Sources */ = {
			isa = PBXSourcesBuildPhase;
			buildActionMask = 2147483647;
			files = (
				010BAA131E276DB3009E0ACE /* I_m_a_CoderUITests.m in Sources */,
			);
			runOnlyForDeploymentPostprocessing = 0;
		};
/* End PBXSourcesBuildPhase section */

/* Begin PBXTargetDependency section */
		010BAA051E276DB3009E0ACE /* PBXTargetDependency */ = {
			isa = PBXTargetDependency;
			target = 010BA9E91E276DB3009E0ACE /* I'm a Coder */;
			targetProxy = 010BAA041E276DB3009E0ACE /* PBXContainerItemProxy */;
		};
		010BAA101E276DB3009E0ACE /* PBXTargetDependency */ = {
			isa = PBXTargetDependency;
			target = 010BA9E91E276DB3009E0ACE /* I'm a Coder */;
			targetProxy = 010BAA0F1E276DB3009E0ACE /* PBXContainerItemProxy */;
		};
/* End PBXTargetDependency section */

/* Begin PBXVariantGroup section */
		010BA9F61E276DB3009E0ACE /* Main.storyboard */ = {
			isa = PBXVariantGroup;
			children = (
				010BA9F71E276DB3009E0ACE /* Base */,
			);
			name = Main.storyboard;
			sourceTree = "<group>";
		};
		010BA9FB1E276DB3009E0ACE /* LaunchScreen.storyboard */ = {
			isa = PBXVariantGroup;
			children = (
				010BA9FC1E276DB3009E0ACE /* Base */,
			);
			name = LaunchScreen.storyboard;
			sourceTree = "<group>";
		};
/* End PBXVariantGroup section */

/* Begin XCBuildConfiguration section */
		010BAA151E276DB3009E0ACE /* Debug */ = {
			isa = XCBuildConfiguration;
			buildSettings = {
				ALWAYS_SEARCH_USER_PATHS = NO;
				CLANG_ANALYZER_NONNULL = YES;
				CLANG_CXX_LANGUAGE_STANDARD = "gnu++0x";
				CLANG_CXX_LIBRARY = "libc++";
				CLANG_ENABLE_MODULES = YES;
				CLANG_ENABLE_OBJC_ARC = YES;
				CLANG_WARN_BOOL_CONVERSION = YES;
				CLANG_WARN_CONSTANT_CONVERSION = YES;
				CLANG_WARN_DIRECT_OBJC_ISA_USAGE = YES_ERROR;
				CLANG_WARN_DOCUMENTATION_COMMENTS = YES;
				CLANG_WARN_EMPTY_BODY = YES;
				CLANG_WARN_ENUM_CONVERSION = YES;
				CLANG_WARN_INFINITE_RECURSION = YES;
				CLANG_WARN_INT_CONVERSION = YES;
				CLANG_WARN_OBJC_ROOT_CLASS = YES_ERROR;
				CLANG_WARN_SUSPICIOUS_MOVE = YES;
				CLANG_WARN_UNREACHABLE_CODE = YES;
				CLANG_WARN__DUPLICATE_METHOD_MATCH = YES;
				"CODE_SIGN_IDENTITY[sdk=iphoneos*]" = "iPhone Developer";
				COPY_PHASE_STRIP = NO;
				DEBUG_INFORMATION_FORMAT = dwarf;
				ENABLE_STRICT_OBJC_MSGSEND = YES;
				ENABLE_TESTABILITY = YES;
				GCC_C_LANGUAGE_STANDARD = gnu99;
				GCC_DYNAMIC_NO_PIC = NO;
				GCC_NO_COMMON_BLOCKS = YES;
				GCC_OPTIMIZATION_LEVEL = 0;
				GCC_PREPROCESSOR_DEFINITIONS = (
					"DEBUG=1",
					"$(inherited)",
				);
				GCC_WARN_64_TO_32_BIT_CONVERSION = YES;
				GCC_WARN_ABOUT_RETURN_TYPE = YES_ERROR;
				GCC_WARN_UNDECLARED_SELECTOR = YES;
				GCC_WARN_UNINITIALIZED_AUTOS = YES_AGGRESSIVE;
				GCC_WARN_UNUSED_FUNCTION = YES;
				GCC_WARN_UNUSED_VARIABLE = YES;
				IPHONEOS_DEPLOYMENT_TARGET = 10.2;
				MTL_ENABLE_DEBUG_INFO = YES;
				ONLY_ACTIVE_ARCH = YES;
				SDKROOT = iphoneos;
				TARGETED_DEVICE_FAMILY = "1,2";
			};
			name = Debug;
		};
		010BAA161E276DB3009E0ACE /* Release */ = {
			isa = XCBuildConfiguration;
			buildSettings = {
				ALWAYS_SEARCH_USER_PATHS = NO;
				CLANG_ANALYZER_NONNULL = YES;
				CLANG_CXX_LANGUAGE_STANDARD = "gnu++0x";
				CLANG_CXX_LIBRARY = "libc++";
				CLANG_ENABLE_MODULES = YES;
				CLANG_ENABLE_OBJC_ARC = YES;
				CLANG_WARN_BOOL_CONVERSION = YES;
				CLANG_WARN_CONSTANT_CONVERSION = YES;
				CLANG_WARN_DIRECT_OBJC_ISA_USAGE = YES_ERROR;
				CLANG_WARN_DOCUMENTATION_COMMENTS = YES;
				CLANG_WARN_EMPTY_BODY = YES;
				CLANG_WARN_ENUM_CONVERSION = YES;
				CLANG_WARN_INFINITE_RECURSION = YES;
				CLANG_WARN_INT_CONVERSION = YES;
				CLANG_WARN_OBJC_ROOT_CLASS = YES_ERROR;
				CLANG_WARN_SUSPICIOUS_MOVE = YES;
				CLANG_WARN_UNREACHABLE_CODE = YES;
				CLANG_WARN__DUPLICATE_METHOD_MATCH = YES;
				"CODE_SIGN_IDENTITY[sdk=iphoneos*]" = "iPhone Developer";
				COPY_PHASE_STRIP = NO;
				DEBUG_INFORMATION_FORMAT = "dwarf-with-dsym";
				ENABLE_NS_ASSERTIONS = NO;
				ENABLE_STRICT_OBJC_MSGSEND = YES;
				GCC_C_LANGUAGE_STANDARD = gnu99;
				GCC_NO_COMMON_BLOCKS = YES;
				GCC_WARN_64_TO_32_BIT_CONVERSION = YES;
				GCC_WARN_ABOUT_RETURN_TYPE = YES_ERROR;
				GCC_WARN_UNDECLARED_SELECTOR = YES;
				GCC_WARN_UNINITIALIZED_AUTOS = YES_AGGRESSIVE;
				GCC_WARN_UNUSED_FUNCTION = YES;
				GCC_WARN_UNUSED_VARIABLE = YES;
				IPHONEOS_DEPLOYMENT_TARGET = 10.2;
				MTL_ENABLE_DEBUG_INFO = NO;
				SDKROOT = iphoneos;
				TARGETED_DEVICE_FAMILY = "1,2";
				VALIDATE_PRODUCT = YES;
			};
			name = Release;
		};
		010BAA181E276DB3009E0ACE /* Debug */ = {
			isa = XCBuildConfiguration;
			buildSettings = {
				ASSETCATALOG_COMPILER_APPICON_NAME = AppIcon;
				DEVELOPMENT_TEAM = 599FJK8FBV;
				INFOPLIST_FILE = "I'm a Coder/Info.plist";
				LD_RUNPATH_SEARCH_PATHS = "$(inherited) @executable_path/Frameworks";
				PRODUCT_BUNDLE_IDENTIFIER = "xiaruzhen.I-m-a-Coder";
				PRODUCT_NAME = "$(TARGET_NAME)";
			};
			name = Debug;
		};
		010BAA191E276DB3009E0ACE /* Release */ = {
			isa = XCBuildConfiguration;
			buildSettings = {
				ASSETCATALOG_COMPILER_APPICON_NAME = AppIcon;
				DEVELOPMENT_TEAM = 599FJK8FBV;
				INFOPLIST_FILE = "I'm a Coder/Info.plist";
				LD_RUNPATH_SEARCH_PATHS = "$(inherited) @executable_path/Frameworks";
				PRODUCT_BUNDLE_IDENTIFIER = "xiaruzhen.I-m-a-Coder";
				PRODUCT_NAME = "$(TARGET_NAME)";
			};
			name = Release;
		};
		010BAA1B1E276DB3009E0ACE /* Debug */ = {
			isa = XCBuildConfiguration;
			buildSettings = {
				BUNDLE_LOADER = "$(TEST_HOST)";
				DEVELOPMENT_TEAM = 599FJK8FBV;
				INFOPLIST_FILE = "I'm a CoderTests/Info.plist";
				LD_RUNPATH_SEARCH_PATHS = "$(inherited) @executable_path/Frameworks @loader_path/Frameworks";
				PRODUCT_BUNDLE_IDENTIFIER = "xiaruzhen.I-m-a-CoderTests";
				PRODUCT_NAME = "$(TARGET_NAME)";
				TEST_HOST = "$(BUILT_PRODUCTS_DIR)/I'm a Coder.app/I'm a Coder";
			};
			name = Debug;
		};
		010BAA1C1E276DB3009E0ACE /* Release */ = {
			isa = XCBuildConfiguration;
			buildSettings = {
				BUNDLE_LOADER = "$(TEST_HOST)";
				DEVELOPMENT_TEAM = 599FJK8FBV;
				INFOPLIST_FILE = "I'm a CoderTests/Info.plist";
				LD_RUNPATH_SEARCH_PATHS = "$(inherited) @executable_path/Frameworks @loader_path/Frameworks";
				PRODUCT_BUNDLE_IDENTIFIER = "xiaruzhen.I-m-a-CoderTests";
				PRODUCT_NAME = "$(TARGET_NAME)";
				TEST_HOST = "$(BUILT_PRODUCTS_DIR)/I'm a Coder.app/I'm a Coder";
			};
			name = Release;
		};
		010BAA1E1E276DB3009E0ACE /* Debug */ = {
			isa = XCBuildConfiguration;
			buildSettings = {
				DEVELOPMENT_TEAM = 599FJK8FBV;
				INFOPLIST_FILE = "I'm a CoderUITests/Info.plist";
				LD_RUNPATH_SEARCH_PATHS = "$(inherited) @executable_path/Frameworks @loader_path/Frameworks";
				PRODUCT_BUNDLE_IDENTIFIER = "xiaruzhen.I-m-a-CoderUITests";
				PRODUCT_NAME = "$(TARGET_NAME)";
				TEST_TARGET_NAME = "I'm a Coder";
			};
			name = Debug;
		};
		010BAA1F1E276DB3009E0ACE /* Release */ = {
			isa = XCBuildConfiguration;
			buildSettings = {
				DEVELOPMENT_TEAM = 599FJK8FBV;
				INFOPLIST_FILE = "I'm a CoderUITests/Info.plist";
				LD_RUNPATH_SEARCH_PATHS = "$(inherited) @executable_path/Frameworks @loader_path/Frameworks";
				PRODUCT_BUNDLE_IDENTIFIER = "xiaruzhen.I-m-a-CoderUITests";
				PRODUCT_NAME = "$(TARGET_NAME)";
				TEST_TARGET_NAME = "I'm a Coder";
			};
			name = Release;
		};
/* End XCBuildConfiguration section */

/* Begin XCConfigurationList section */
		010BA9E51E276DB3009E0ACE /* Build configuration list for PBXProject "I'm a Coder" */ = {
			isa = XCConfigurationList;
			buildConfigurations = (
				010BAA151E276DB3009E0ACE /* Debug */,
				010BAA161E276DB3009E0ACE /* Release */,
			);
			defaultConfigurationIsVisible = 0;
			defaultConfigurationName = Release;
		};
		010BAA171E276DB3009E0ACE /* Build configuration list for PBXNativeTarget "I'm a Coder" */ = {
			isa = XCConfigurationList;
			buildConfigurations = (
				010BAA181E276DB3009E0ACE /* Debug */,
				010BAA191E276DB3009E0ACE /* Release */,
			);
			defaultConfigurationIsVisible = 0;
		};
		010BAA1A1E276DB3009E0ACE /* Build configuration list for PBXNativeTarget "I'm a CoderTests" */ = {
			isa = XCConfigurationList;
			buildConfigurations = (
				010BAA1B1E276DB3009E0ACE /* Debug */,
				010BAA1C1E276DB3009E0ACE /* Release */,
			);
			defaultConfigurationIsVisible = 0;
		};
		010BAA1D1E276DB3009E0ACE /* Build configuration list for PBXNativeTarget "I'm a CoderUITests" */ = {
			isa = XCConfigurationList;
			buildConfigurations = (
				010BAA1E1E276DB3009E0ACE /* Debug */,
				010BAA1F1E276DB3009E0ACE /* Release */,
			);
			defaultConfigurationIsVisible = 0;
		};
/* End XCConfigurationList section */
	};
	rootObject = 010BA9E21E276DB3009E0ACE /* Project object */;
}
